
Microsoft Visual Studio Solution File, Format Version 12.00
# Visual Studio 15
VisualStudioVersion = 15.0.27004.2002
MinimumVisualStudioVersion = 10.0.40219.1
Project("{FAE04EC0-301F-11D3-BF4B-00C04F79EFBC}") = "Garage", "Garage\Garage.csproj", "{ECEAEED9-3CE9-4CBA-8669-16CCFE04B529}"
EndProject
Global
	GlobalSection(SolutionConfigurationPlatforms) = preSolution
		Debug|Any CPU = Debug|Any CPU
		Release|Any CPU = Release|Any CPU
	EndGlobalSection
	GlobalSection(ProjectConfigurationPlatforms) = postSolution
		{ECEAEED9-3CE9-4CBA-8669-16CCFE04B529}.Debug|Any CPU.ActiveCfg = Debug|Any CPU
		{ECEAEED9-3CE9-4CBA-8669-16CCFE04B529}.Debug|Any CPU.Build.0 = Debug|Any CPU
		{ECEAEED9-3CE9-4CBA-8669-16CCFE04B529}.Release|Any CPU.ActiveCfg = Release|Any CPU
		{ECEAEED9-3CE9-4CBA-8669-16CCFE04B529}.Release|Any CPU.Build.0 = Release|Any CPU
	EndGlobalSection
	GlobalSection(SolutionProperties) = preSolution
		HideSolutionNode = FALSE
	EndGlobalSection
	GlobalSection(ExtensibilityGlobals) = postSolution
		SolutionGuid = {FDD4B4A1-C6E4-4C12-B9F8-AB68BF7784A7}
	EndGlobalSection
EndGlobal
